
Microsoft Visual Studio Solution File, Format Version 12.00
# Visual Studio Version 16
VisualStudioVersion = 16.0.31515.178
MinimumVisualStudioVersion = 10.0.40219.1
Project("{FAE04EC0-301F-11D3-BF4B-00C04F79EFBC}") = "RegexCustomAction", "ItAintBoring.RegexCustomAction\RegexCustomAction.csproj", "{1471895F-16CE-45A9-A744-F63DD15C1F25}"
EndProject
Project("{FAE04EC0-301F-11D3-BF4B-00C04F79EFBC}") = "IsMobileTelephone", "IsMobileTelephone\IsMobileTelephone.csproj", "{2A5D5B23-A55F-4723-AD88-FDC2E1C84865}"
EndProject
Global
	GlobalSection(SolutionConfigurationPlatforms) = preSolution
		Debug|Any CPU = Debug|Any CPU
		Release|Any CPU = Release|Any CPU
	EndGlobalSection
	GlobalSection(ProjectConfigurationPlatforms) = postSolution
		{1471895F-16CE-45A9-A744-F63DD15C1F25}.Debug|Any CPU.ActiveCfg = Debug|Any CPU
		{1471895F-16CE-45A9-A744-F63DD15C1F25}.Debug|Any CPU.Build.0 = Debug|Any CPU
		{1471895F-16CE-45A9-A744-F63DD15C1F25}.Release|Any CPU.ActiveCfg = Release|Any CPU
		{1471895F-16CE-45A9-A744-F63DD15C1F25}.Release|Any CPU.Build.0 = Release|Any CPU
		{2A5D5B23-A55F-4723-AD88-FDC2E1C84865}.Debug|Any CPU.ActiveCfg = Debug|Any CPU
		{2A5D5B23-A55F-4723-AD88-FDC2E1C84865}.Debug|Any CPU.Build.0 = Debug|Any CPU
		{2A5D5B23-A55F-4723-AD88-FDC2E1C84865}.Release|Any CPU.ActiveCfg = Release|Any CPU
		{2A5D5B23-A55F-4723-AD88-FDC2E1C84865}.Release|Any CPU.Build.0 = Release|Any CPU
	EndGlobalSection
	GlobalSection(SolutionProperties) = preSolution
		HideSolutionNode = FALSE
	EndGlobalSection
	GlobalSection(ExtensibilityGlobals) = postSolution
		SolutionGuid = {D80B384F-0A91-4F01-82ED-69CD33766943}
	EndGlobalSection
EndGlobal
